
Microsoft Visual Studio Solution File, Format Version 12.00
# Visual Studio Version 17
VisualStudioVersion = 17.4.33103.184
MinimumVisualStudioVersion = 10.0.40219.1
Project("{FAE04EC0-301F-11D3-BF4B-00C04F79EFBC}") = "FunctionsExperiments", "FunctionsExperiments\FunctionsExperiments.csproj", "{375631FB-F67F-4AC7-8078-823E940CB62D}"
EndProject
Global
	GlobalSection(SolutionConfigurationPlatforms) = preSolution
		Debug|Any CPU = Debug|Any CPU
		Release|Any CPU = Release|Any CPU
	EndGlobalSection
	GlobalSection(ProjectConfigurationPlatforms) = postSolution
		{375631FB-F67F-4AC7-8078-823E940CB62D}.Debug|Any CPU.ActiveCfg = Debug|Any CPU
		{375631FB-F67F-4AC7-8078-823E940CB62D}.Debug|Any CPU.Build.0 = Debug|Any CPU
		{375631FB-F67F-4AC7-8078-823E940CB62D}.Release|Any CPU.ActiveCfg = Release|Any CPU
		{375631FB-F67F-4AC7-8078-823E940CB62D}.Release|Any CPU.Build.0 = Release|Any CPU
	EndGlobalSection
	GlobalSection(SolutionProperties) = preSolution
		HideSolutionNode = FALSE
	EndGlobalSection
	GlobalSection(ExtensibilityGlobals) = postSolution
		SolutionGuid = {FBA24CAE-2DED-4500-98B0-DAE340C549DE}
	EndGlobalSection
EndGlobal
